{
  "name": "@pennixrv/fast-context-skill",
  "version": "0.1.0",
  "lockfileVersion": 3,
  "requires": true,
  "packages": {
    "": {
      "name": "@pennixrv/fast-context-skill",
      "version": "0.1.0",
      "license": "MIT",
      "bin": {
        "fast-context-skill": "scripts/fast-context-search.mjs"
      },
      "engines": {
        "node": ">=20"
      }
    }
  }
}
